
Microsoft Visual Studio Solution File, Format Version 12.00
# Visual Studio Version 17
VisualStudioVersion = 17.2.32526.322
MinimumVisualStudioVersion = 10.0.40219.1
Project("{9A19103F-16F7-4668-BE54-9A1E7A4F7556}") = "DataDash", "DataDash\DataDash.csproj", "{59CDF6BE-EE6E-4909-BB4C-C36E0E31C221}"
EndProject
Project("{9A19103F-16F7-4668-BE54-9A1E7A4F7556}") = "TestWebApi", "TestWebApi\TestWebApi.csproj", "{62740EA6-C65F-4DBD-83B7-A68308011334}"
EndProject
Global
	GlobalSection(SolutionConfigurationPlatforms) = preSolution
		Debug|Any CPU = Debug|Any CPU
		Release|Any CPU = Release|Any CPU
	EndGlobalSection
	GlobalSection(ProjectConfigurationPlatforms) = postSolution
		{59CDF6BE-EE6E-4909-BB4C-C36E0E31C221}.Debug|Any CPU.ActiveCfg = Debug|Any CPU
		{59CDF6BE-EE6E-4909-BB4C-C36E0E31C221}.Debug|Any CPU.Build.0 = Debug|Any CPU
		{59CDF6BE-EE6E-4909-BB4C-C36E0E31C221}.Release|Any CPU.ActiveCfg = Release|Any CPU
		{59CDF6BE-EE6E-4909-BB4C-C36E0E31C221}.Release|Any CPU.Build.0 = Release|Any CPU
		{62740EA6-C65F-4DBD-83B7-A68308011334}.Debug|Any CPU.ActiveCfg = Debug|Any CPU
		{62740EA6-C65F-4DBD-83B7-A68308011334}.Debug|Any CPU.Build.0 = Debug|Any CPU
		{62740EA6-C65F-4DBD-83B7-A68308011334}.Release|Any CPU.ActiveCfg = Release|Any CPU
		{62740EA6-C65F-4DBD-83B7-A68308011334}.Release|Any CPU.Build.0 = Release|Any CPU
	EndGlobalSection
	GlobalSection(SolutionProperties) = preSolution
		HideSolutionNode = FALSE
	EndGlobalSection
	GlobalSection(ExtensibilityGlobals) = postSolution
		SolutionGuid = {876FFFA1-9D7A-4589-B37F-96239A2FE3FC}
	EndGlobalSection
EndGlobal
